
Microsoft Visual Studio Solution File, Format Version 12.00
# Visual Studio Version 17
VisualStudioVersion = 17.3.32811.315
MinimumVisualStudioVersion = 10.0.40219.1
Project("{FAE04EC0-301F-11D3-BF4B-00C04F79EFBC}") = "OOP-Adventure", "OOP-Adventure\OOP-Adventure.csproj", "{DD9ACD32-ADCC-47D5-9CA2-56351A0ECCA3}"
EndProject
Global
	GlobalSection(SolutionConfigurationPlatforms) = preSolution
		Debug|Any CPU = Debug|Any CPU
		Release|Any CPU = Release|Any CPU
	EndGlobalSection
	GlobalSection(ProjectConfigurationPlatforms) = postSolution
		{DD9ACD32-ADCC-47D5-9CA2-56351A0ECCA3}.Debug|Any CPU.ActiveCfg = Debug|Any CPU
		{DD9ACD32-ADCC-47D5-9CA2-56351A0ECCA3}.Debug|Any CPU.Build.0 = Debug|Any CPU
		{DD9ACD32-ADCC-47D5-9CA2-56351A0ECCA3}.Release|Any CPU.ActiveCfg = Release|Any CPU
		{DD9ACD32-ADCC-47D5-9CA2-56351A0ECCA3}.Release|Any CPU.Build.0 = Release|Any CPU
	EndGlobalSection
	GlobalSection(SolutionProperties) = preSolution
		HideSolutionNode = FALSE
	EndGlobalSection
	GlobalSection(ExtensibilityGlobals) = postSolution
		SolutionGuid = {D2B60552-FC64-4D78-A382-DAB4B4F0C836}
	EndGlobalSection
EndGlobal
